
Microsoft Visual Studio Solution File, Format Version 12.00
Project("{F2A71F9B-5D33-465A-A702-920D77279786}") = "ExplorerShortcuts.Common", "ExplorerShortcuts.Common\ExplorerShortcuts.Common.fsproj", "{C20A190C-B9EC-4BE4-9B57-B54FD730D361}"
EndProject
Project("{F2A71F9B-5D33-465A-A702-920D77279786}") = "ExplorerShortcuts", "ExplorerShortcuts\ExplorerShortcuts.fsproj", "{736FCFF6-4BD0-B3F1-6899-D78697A87A51}"
EndProject
Project("{2150E333-8FDC-42A3-9474-1A3956D46DE8}") = ".build", ".build", "{7AAD521E-5B41-ABCA-5907-01570A64B918}"
	ProjectSection(SolutionItems) = preProject
		.editorconfig = .editorconfig
		.gitignore = .gitignore
		paket.dependencies = paket.dependencies
		paket.lock = paket.lock
		README.md = README.md
		New-Shortcut.ps1 = New-Shortcut.ps1
		build.cmd = build.cmd
	EndProjectSection
EndProject
Project("{2150E333-8FDC-42A3-9474-1A3956D46DE8}") = "Commands", "Commands", "{F7F3E545-962E-B71C-0134-BA35F7A27A96}"
EndProject
Project("{F2A71F9B-5D33-465A-A702-920D77279786}") = "c", "Commands\c\c.fsproj", "{4B76EDB1-1178-7EB5-96C9-5B4F1DCFC747}"
EndProject
Project("{F2A71F9B-5D33-465A-A702-920D77279786}") = "e", "Commands\e\e.fsproj", "{56E72356-59B1-C8BE-61B2-72F259388FD5}"
EndProject
Project("{F2A71F9B-5D33-465A-A702-920D77279786}") = "fork", "Commands\fork\fork.fsproj", "{BA98FDF0-1AEB-F32B-BFF0-BB9F7FE8A47C}"
EndProject
Project("{F2A71F9B-5D33-465A-A702-920D77279786}") = "repo", "Commands\repo\repo.fsproj", "{EB6FAAB2-60AA-E03E-BF34-E0F5CEC772C2}"
EndProject
Project("{F2A71F9B-5D33-465A-A702-920D77279786}") = "rider.Tests", "Commands\rider.Tests\rider.Tests.fsproj", "{9035B509-B14A-2107-A849-BF358EB08F26}"
EndProject
Project("{F2A71F9B-5D33-465A-A702-920D77279786}") = "rider", "Commands\rider\rider.fsproj", "{1F7DA664-A7B7-5E58-67FD-9DD4C542C0C0}"
EndProject
Project("{F2A71F9B-5D33-465A-A702-920D77279786}") = "tmp", "Commands\tmp\tmp.fsproj", "{87B3AB7C-BBB6-44E3-6351-655EA057F344}"
EndProject
Project("{F2A71F9B-5D33-465A-A702-920D77279786}") = "vs", "Commands\vs\vs.fsproj", "{D44DC931-DDBA-07C4-3D5D-0274A97EE1CA}"
EndProject
Project("{F2A71F9B-5D33-465A-A702-920D77279786}") = "csr", "Commands\csr\csr.fsproj", "{2DE1B6F2-91C7-2DBF-8878-009177FC1C62}"
EndProject
Project("{F2A71F9B-5D33-465A-A702-920D77279786}") = "Pinicola.FSharp", "Pinicola.FSharp\Pinicola.FSharp\Pinicola.FSharp.fsproj", "{FF3EBA1A-6BE3-43BE-A343-065F540BA9C3}"
EndProject
Project("{F2A71F9B-5D33-465A-A702-920D77279786}") = "Pinicola.FSharp.SpectreConsole", "Pinicola.FSharp\Pinicola.FSharp.SpectreConsole\Pinicola.FSharp.SpectreConsole.fsproj", "{DDCC7B4E-843F-44B9-91DF-0B817513F10D}"
EndProject
Project("{F2A71F9B-5D33-465A-A702-920D77279786}") = "BuildIcons", "BuildIcons\BuildIcons.fsproj", "{617C62D4-C024-4105-BF77-AD56B2858B17}"
EndProject
Global
	GlobalSection(SolutionConfigurationPlatforms) = preSolution
		Debug|Any CPU = Debug|Any CPU
		Release|Any CPU = Release|Any CPU
	EndGlobalSection
	GlobalSection(ProjectConfigurationPlatforms) = postSolution
		{C20A190C-B9EC-4BE4-9B57-B54FD730D361}.Debug|Any CPU.ActiveCfg = Debug|Any CPU
		{C20A190C-B9EC-4BE4-9B57-B54FD730D361}.Debug|Any CPU.Build.0 = Debug|Any CPU
		{C20A190C-B9EC-4BE4-9B57-B54FD730D361}.Release|Any CPU.ActiveCfg = Release|Any CPU
		{C20A190C-B9EC-4BE4-9B57-B54FD730D361}.Release|Any CPU.Build.0 = Release|Any CPU
		{736FCFF6-4BD0-B3F1-6899-D78697A87A51}.Debug|Any CPU.ActiveCfg = Debug|Any CPU
		{736FCFF6-4BD0-B3F1-6899-D78697A87A51}.Debug|Any CPU.Build.0 = Debug|Any CPU
		{736FCFF6-4BD0-B3F1-6899-D78697A87A51}.Release|Any CPU.ActiveCfg = Release|Any CPU
		{736FCFF6-4BD0-B3F1-6899-D78697A87A51}.Release|Any CPU.Build.0 = Release|Any CPU
		{4B76EDB1-1178-7EB5-96C9-5B4F1DCFC747}.Debug|Any CPU.ActiveCfg = Debug|Any CPU
		{4B76EDB1-1178-7EB5-96C9-5B4F1DCFC747}.Debug|Any CPU.Build.0 = Debug|Any CPU
		{4B76EDB1-1178-7EB5-96C9-5B4F1DCFC747}.Release|Any CPU.ActiveCfg = Release|Any CPU
		{4B76EDB1-1178-7EB5-96C9-5B4F1DCFC747}.Release|Any CPU.Build.0 = Release|Any CPU
		{56E72356-59B1-C8BE-61B2-72F259388FD5}.Debug|Any CPU.ActiveCfg = Debug|Any CPU
		{56E72356-59B1-C8BE-61B2-72F259388FD5}.Debug|Any CPU.Build.0 = Debug|Any CPU
		{56E72356-59B1-C8BE-61B2-72F259388FD5}.Release|Any CPU.ActiveCfg = Release|Any CPU
		{56E72356-59B1-C8BE-61B2-72F259388FD5}.Release|Any CPU.Build.0 = Release|Any CPU
		{BA98FDF0-1AEB-F32B-BFF0-BB9F7FE8A47C}.Debug|Any CPU.ActiveCfg = Debug|Any CPU
		{BA98FDF0-1AEB-F32B-BFF0-BB9F7FE8A47C}.Debug|Any CPU.Build.0 = Debug|Any CPU
		{BA98FDF0-1AEB-F32B-BFF0-BB9F7FE8A47C}.Release|Any CPU.ActiveCfg = Release|Any CPU
		{BA98FDF0-1AEB-F32B-BFF0-BB9F7FE8A47C}.Release|Any CPU.Build.0 = Release|Any CPU
		{EB6FAAB2-60AA-E03E-BF34-E0F5CEC772C2}.Debug|Any CPU.ActiveCfg = Debug|Any CPU
		{EB6FAAB2-60AA-E03E-BF34-E0F5CEC772C2}.Debug|Any CPU.Build.0 = Debug|Any CPU
		{EB6FAAB2-60AA-E03E-BF34-E0F5CEC772C2}.Release|Any CPU.ActiveCfg = Release|Any CPU
		{EB6FAAB2-60AA-E03E-BF34-E0F5CEC772C2}.Release|Any CPU.Build.0 = Release|Any CPU
		{9035B509-B14A-2107-A849-BF358EB08F26}.Debug|Any CPU.ActiveCfg = Debug|Any CPU
		{9035B509-B14A-2107-A849-BF358EB08F26}.Debug|Any CPU.Build.0 = Debug|Any CPU
		{9035B509-B14A-2107-A849-BF358EB08F26}.Release|Any CPU.ActiveCfg = Release|Any CPU
		{9035B509-B14A-2107-A849-BF358EB08F26}.Release|Any CPU.Build.0 = Release|Any CPU
		{1F7DA664-A7B7-5E58-67FD-9DD4C542C0C0}.Debug|Any CPU.ActiveCfg = Debug|Any CPU
		{1F7DA664-A7B7-5E58-67FD-9DD4C542C0C0}.Debug|Any CPU.Build.0 = Debug|Any CPU
		{1F7DA664-A7B7-5E58-67FD-9DD4C542C0C0}.Release|Any CPU.ActiveCfg = Release|Any CPU
		{1F7DA664-A7B7-5E58-67FD-9DD4C542C0C0}.Release|Any CPU.Build.0 = Release|Any CPU
		{87B3AB7C-BBB6-44E3-6351-655EA057F344}.Debug|Any CPU.ActiveCfg = Debug|Any CPU
		{87B3AB7C-BBB6-44E3-6351-655EA057F344}.Debug|Any CPU.Build.0 = Debug|Any CPU
		{87B3AB7C-BBB6-44E3-6351-655EA057F344}.Release|Any CPU.ActiveCfg = Release|Any CPU
		{87B3AB7C-BBB6-44E3-6351-655EA057F344}.Release|Any CPU.Build.0 = Release|Any CPU
		{D44DC931-DDBA-07C4-3D5D-0274A97EE1CA}.Debug|Any CPU.ActiveCfg = Debug|Any CPU
		{D44DC931-DDBA-07C4-3D5D-0274A97EE1CA}.Debug|Any CPU.Build.0 = Debug|Any CPU
		{D44DC931-DDBA-07C4-3D5D-0274A97EE1CA}.Release|Any CPU.ActiveCfg = Release|Any CPU
		{D44DC931-DDBA-07C4-3D5D-0274A97EE1CA}.Release|Any CPU.Build.0 = Release|Any CPU
		{2DE1B6F2-91C7-2DBF-8878-009177FC1C62}.Debug|Any CPU.ActiveCfg = Debug|Any CPU
		{2DE1B6F2-91C7-2DBF-8878-009177FC1C62}.Debug|Any CPU.Build.0 = Debug|Any CPU
		{2DE1B6F2-91C7-2DBF-8878-009177FC1C62}.Release|Any CPU.ActiveCfg = Release|Any CPU
		{2DE1B6F2-91C7-2DBF-8878-009177FC1C62}.Release|Any CPU.Build.0 = Release|Any CPU
		{FF3EBA1A-6BE3-43BE-A343-065F540BA9C3}.Debug|Any CPU.ActiveCfg = Debug|Any CPU
		{FF3EBA1A-6BE3-43BE-A343-065F540BA9C3}.Debug|Any CPU.Build.0 = Debug|Any CPU
		{FF3EBA1A-6BE3-43BE-A343-065F540BA9C3}.Release|Any CPU.ActiveCfg = Release|Any CPU
		{FF3EBA1A-6BE3-43BE-A343-065F540BA9C3}.Release|Any CPU.Build.0 = Release|Any CPU
		{DDCC7B4E-843F-44B9-91DF-0B817513F10D}.Debug|Any CPU.ActiveCfg = Debug|Any CPU
		{DDCC7B4E-843F-44B9-91DF-0B817513F10D}.Debug|Any CPU.Build.0 = Debug|Any CPU
		{DDCC7B4E-843F-44B9-91DF-0B817513F10D}.Release|Any CPU.ActiveCfg = Release|Any CPU
		{DDCC7B4E-843F-44B9-91DF-0B817513F10D}.Release|Any CPU.Build.0 = Release|Any CPU
		{617C62D4-C024-4105-BF77-AD56B2858B17}.Debug|Any CPU.ActiveCfg = Debug|Any CPU
		{617C62D4-C024-4105-BF77-AD56B2858B17}.Debug|Any CPU.Build.0 = Debug|Any CPU
		{617C62D4-C024-4105-BF77-AD56B2858B17}.Release|Any CPU.ActiveCfg = Release|Any CPU
		{617C62D4-C024-4105-BF77-AD56B2858B17}.Release|Any CPU.Build.0 = Release|Any CPU
	EndGlobalSection
	GlobalSection(NestedProjects) = preSolution
		{2DE1B6F2-91C7-2DBF-8878-009177FC1C62} = {F7F3E545-962E-B71C-0134-BA35F7A27A96}
		{4B76EDB1-1178-7EB5-96C9-5B4F1DCFC747} = {F7F3E545-962E-B71C-0134-BA35F7A27A96}
		{56E72356-59B1-C8BE-61B2-72F259388FD5} = {F7F3E545-962E-B71C-0134-BA35F7A27A96}
		{BA98FDF0-1AEB-F32B-BFF0-BB9F7FE8A47C} = {F7F3E545-962E-B71C-0134-BA35F7A27A96}
		{EB6FAAB2-60AA-E03E-BF34-E0F5CEC772C2} = {F7F3E545-962E-B71C-0134-BA35F7A27A96}
		{9035B509-B14A-2107-A849-BF358EB08F26} = {F7F3E545-962E-B71C-0134-BA35F7A27A96}
		{1F7DA664-A7B7-5E58-67FD-9DD4C542C0C0} = {F7F3E545-962E-B71C-0134-BA35F7A27A96}
		{87B3AB7C-BBB6-44E3-6351-655EA057F344} = {F7F3E545-962E-B71C-0134-BA35F7A27A96}
		{D44DC931-DDBA-07C4-3D5D-0274A97EE1CA} = {F7F3E545-962E-B71C-0134-BA35F7A27A96}
	EndGlobalSection
EndGlobal
