
Microsoft Visual Studio Solution File, Format Version 12.00
# Visual Studio 15
VisualStudioVersion = 15.0.26124.0
MinimumVisualStudioVersion = 15.0.26124.0
Project("{FAE04EC0-301F-11D3-BF4B-00C04F79EFBC}") = "ExeGenerator", "ExeGenerator\ExeGenerator.csproj", "{30F2F86F-ADAA-4AB5-988F-E188C7267C0F}"
EndProject
Project("{2150E333-8FDC-42A3-9474-1A3956D46DE8}") = ".global", ".global", "{84267218-F071-4DCD-BF20-A29003108D37}"
ProjectSection(SolutionItems) = preProject
	..\commands.yml = ..\commands.yml
	paket.dependencies = paket.dependencies
EndProjectSection
EndProject
Project("{F2A71F9B-5D33-465A-A702-920D77279786}") = "sample", "..\sample\sample.fsproj", "{5B46046E-83EA-4F0A-B528-35D42CAD8396}"
EndProject
Global
	GlobalSection(SolutionConfigurationPlatforms) = preSolution
		Debug|Any CPU = Debug|Any CPU
		Debug|x64 = Debug|x64
		Debug|x86 = Debug|x86
		Release|Any CPU = Release|Any CPU
		Release|x64 = Release|x64
		Release|x86 = Release|x86
	EndGlobalSection
	GlobalSection(SolutionProperties) = preSolution
		HideSolutionNode = FALSE
	EndGlobalSection
	GlobalSection(ProjectConfigurationPlatforms) = postSolution
		{30F2F86F-ADAA-4AB5-988F-E188C7267C0F}.Debug|Any CPU.ActiveCfg = Debug|Any CPU
		{30F2F86F-ADAA-4AB5-988F-E188C7267C0F}.Debug|Any CPU.Build.0 = Debug|Any CPU
		{30F2F86F-ADAA-4AB5-988F-E188C7267C0F}.Debug|x64.ActiveCfg = Debug|Any CPU
		{30F2F86F-ADAA-4AB5-988F-E188C7267C0F}.Debug|x64.Build.0 = Debug|Any CPU
		{30F2F86F-ADAA-4AB5-988F-E188C7267C0F}.Debug|x86.ActiveCfg = Debug|Any CPU
		{30F2F86F-ADAA-4AB5-988F-E188C7267C0F}.Debug|x86.Build.0 = Debug|Any CPU
		{30F2F86F-ADAA-4AB5-988F-E188C7267C0F}.Release|Any CPU.ActiveCfg = Release|Any CPU
		{30F2F86F-ADAA-4AB5-988F-E188C7267C0F}.Release|Any CPU.Build.0 = Release|Any CPU
		{30F2F86F-ADAA-4AB5-988F-E188C7267C0F}.Release|x64.ActiveCfg = Release|Any CPU
		{30F2F86F-ADAA-4AB5-988F-E188C7267C0F}.Release|x64.Build.0 = Release|Any CPU
		{30F2F86F-ADAA-4AB5-988F-E188C7267C0F}.Release|x86.ActiveCfg = Release|Any CPU
		{30F2F86F-ADAA-4AB5-988F-E188C7267C0F}.Release|x86.Build.0 = Release|Any CPU
		{5B46046E-83EA-4F0A-B528-35D42CAD8396}.Debug|Any CPU.ActiveCfg = Debug|Any CPU
		{5B46046E-83EA-4F0A-B528-35D42CAD8396}.Debug|Any CPU.Build.0 = Debug|Any CPU
		{5B46046E-83EA-4F0A-B528-35D42CAD8396}.Debug|x64.ActiveCfg = Debug|Any CPU
		{5B46046E-83EA-4F0A-B528-35D42CAD8396}.Debug|x64.Build.0 = Debug|Any CPU
		{5B46046E-83EA-4F0A-B528-35D42CAD8396}.Debug|x86.ActiveCfg = Debug|Any CPU
		{5B46046E-83EA-4F0A-B528-35D42CAD8396}.Debug|x86.Build.0 = Debug|Any CPU
		{5B46046E-83EA-4F0A-B528-35D42CAD8396}.Release|Any CPU.ActiveCfg = Release|Any CPU
		{5B46046E-83EA-4F0A-B528-35D42CAD8396}.Release|Any CPU.Build.0 = Release|Any CPU
		{5B46046E-83EA-4F0A-B528-35D42CAD8396}.Release|x64.ActiveCfg = Release|Any CPU
		{5B46046E-83EA-4F0A-B528-35D42CAD8396}.Release|x64.Build.0 = Release|Any CPU
		{5B46046E-83EA-4F0A-B528-35D42CAD8396}.Release|x86.ActiveCfg = Release|Any CPU
		{5B46046E-83EA-4F0A-B528-35D42CAD8396}.Release|x86.Build.0 = Release|Any CPU
	EndGlobalSection
EndGlobal
